PODS:
  - Alamofire (4.8.2)
  - Nuke (7.6.3)
  - SwiftyJSON (4.2.0)

DEPENDENCIES:
  - Alamofire (~> 4.8.2)
  - Nuke (~> 7.0)
  - SwiftyJSON (~> 4.2.0)

SPEC REPOS:
  https://github.com/cocoapods/specs.git:
    - Alamofire
    - Nuke
    - SwiftyJSON

SPEC CHECKSUMS:
  Alamofire: ae5c501addb7afdbb13687d7f2f722c78734c2d3
  Nuke: 44130e95e09463f8773ae4b96b90de1eba6b3350
  SwiftyJSON: c4bcba26dd9ec7a027fc8eade48e2c911f229e96

PODFILE CHECKSUM: c272eeef8d88b16383c1b4f7282ada47f413b66e

COCOAPODS: 1.7.0
